// !$*UTF8*$!
{
	archiveVersion = 1;
	classes = {
	};
	objectVersion = 55;
	objects = {

/* Begin PBXBuildFile section */
		6B1966002A95440400606CA4 /* MainViewController.swift in Sources */ = {isa = PBXBuildFile; fileRef = 6B1965FF2A95440400606CA4 /* MainViewController.swift */; };
		6B1966022A9549B000606CA4 /* AboutViewController.swift in Sources */ = {isa = PBXBuildFile; fileRef = 6B1966012A9549B000606CA4 /* AboutViewController.swift */; };
		6B1966042A954CB400606CA4 /* ShopViewController.swift in Sources */ = {isa = PBXBuildFile; fileRef = 6B1966032A954CB400606CA4 /* ShopViewController.swift */; };
		6B1FAA802A9246EA00772ADE /* TextureForObjects.swift in Sources */ = {isa = PBXBuildFile; fileRef = 6B1FAA7F2A9246EA00772ADE /* TextureForObjects.swift */; };
		6B1FAA822A94EA6300772ADE /* ITC Bauhaus Heavy.ttf in Resources */ = {isa = PBXBuildFile; fileRef = 6B1FAA812A94EA6300772ADE /* ITC Bauhaus Heavy.ttf */; };
		6B1FAA872A95003900772ADE /* Level.swift in Sources */ = {isa = PBXBuildFile; fileRef = 6B1FAA862A95003900772ADE /* Level.swift */; };
		6B3181702A8F59CF006B5227 /* Objects.swift in Sources */ = {isa = PBXBuildFile; fileRef = 6B31816F2A8F59CF006B5227 /* Objects.swift */; };
		6B31818E2A90EDAA006B5227 /* points.swift in Sources */ = {isa = PBXBuildFile; fileRef = 6B31818D2A90EDAA006B5227 /* points.swift */; };
		6B6FC6822A8BAA3100868330 /* AppDelegate.swift in Sources */ = {isa = PBXBuildFile; fileRef = 6B6FC6812A8BAA3100868330 /* AppDelegate.swift */; };
		6B6FC6842A8BAA3100868330 /* GameScene.sks in Resources */ = {isa = PBXBuildFile; fileRef = 6B6FC6832A8BAA3100868330 /* GameScene.sks */; };
		6B6FC6862A8BAA3100868330 /* Actions.sks in Resources */ = {isa = PBXBuildFile; fileRef = 6B6FC6852A8BAA3100868330 /* Actions.sks */; };
		6B6FC6882A8BAA3100868330 /* GameScene.swift in Sources */ = {isa = PBXBuildFile; fileRef = 6B6FC6872A8BAA3100868330 /* GameScene.swift */; };
		6B6FC68A2A8BAA3100868330 /* GameViewController.swift in Sources */ = {isa = PBXBuildFile; fileRef = 6B6FC6892A8BAA3100868330 /* GameViewController.swift */; };
		6B6FC68D2A8BAA3100868330 /* Main.storyboard in Resources */ = {isa = PBXBuildFile; fileRef = 6B6FC68B2A8BAA3100868330 /* Main.storyboard */; };
		6B6FC68F2A8BAA3500868330 /* Assets.xcassets in Resources */ = {isa = PBXBuildFile; fileRef = 6B6FC68E2A8BAA3500868330 /* Assets.xcassets */; };
		6B6FC6922A8BAA3500868330 /* LaunchScreen.storyboard in Resources */ = {isa = PBXBuildFile; fileRef = 6B6FC6902A8BAA3500868330 /* LaunchScreen.storyboard */; };
/* End PBXBuildFile section */

/* Begin PBXFileReference section */
		6B1965FF2A95440400606CA4 /* MainViewController.swift */ = {isa = PBXFileReference; lastKnownFileType = sourcecode.swift; path = MainViewController.swift; sourceTree = "<group>"; };
		6B1966012A9549B000606CA4 /* AboutViewController.swift */ = {isa = PBXFileReference; lastKnownFileType = sourcecode.swift; path = AboutViewController.swift; sourceTree = "<group>"; };
		6B1966032A954CB400606CA4 /* ShopViewController.swift */ = {isa = PBXFileReference; lastKnownFileType = sourcecode.swift; path = ShopViewController.swift; sourceTree = "<group>"; };
		6B1FAA7F2A9246EA00772ADE /* TextureForObjects.swift */ = {isa = PBXFileReference; lastKnownFileType = sourcecode.swift; path = TextureForObjects.swift; sourceTree = "<group>"; };
		6B1FAA812A94EA6300772ADE /* ITC Bauhaus Heavy.ttf */ = {isa = PBXFileReference; lastKnownFileType = file; path = "ITC Bauhaus Heavy.ttf"; sourceTree = "<group>"; };
		6B1FAA832A94ECD500772ADE /* Magical-sorting-Info.plist */ = {isa = PBXFileReference; lastKnownFileType = text.plist; path = "Magical-sorting-Info.plist"; sourceTree = SOURCE_ROOT; };
		6B1FAA862A95003900772ADE /* Level.swift */ = {isa = PBXFileReference; lastKnownFileType = sourcecode.swift; path = Level.swift; sourceTree = "<group>"; };
		6B31816F2A8F59CF006B5227 /* Objects.swift */ = {isa = PBXFileReference; lastKnownFileType = sourcecode.swift; path = Objects.swift; sourceTree = "<group>"; };
		6B31818D2A90EDAA006B5227 /* points.swift */ = {isa = PBXFileReference; lastKnownFileType = sourcecode.swift; path = points.swift; sourceTree = "<group>"; };
		6B6FC67E2A8BAA3100868330 /* Magical sorting.app */ = {isa = PBXFileReference; explicitFileType = wrapper.application; includeInIndex = 0; path = "Magical sorting.app"; sourceTree = BUILT_PRODUCTS_DIR; };
		6B6FC6812A8BAA3100868330 /* AppDelegate.swift */ = {isa = PBXFileReference; lastKnownFileType = sourcecode.swift; path = AppDelegate.swift; sourceTree = "<group>"; };
		6B6FC6832A8BAA3100868330 /* GameScene.sks */ = {isa = PBXFileReference; lastKnownFileType = file.sks; path = GameScene.sks; sourceTree = "<group>"; };
		6B6FC6852A8BAA3100868330 /* Actions.sks */ = {isa = PBXFileReference; lastKnownFileType = file.sks; path = Actions.sks; sourceTree = "<group>"; };
		6B6FC6872A8BAA3100868330 /* GameScene.swift */ = {isa = PBXFileReference; lastKnownFileType = sourcecode.swift; path = GameScene.swift; sourceTree = "<group>"; };
		6B6FC6892A8BAA3100868330 /* GameViewController.swift */ = {isa = PBXFileReference; lastKnownFileType = sourcecode.swift; path = GameViewController.swift; sourceTree = "<group>"; };
		6B6FC68C2A8BAA3100868330 /* Base */ = {isa = PBXFileReference; lastKnownFileType = file.storyboard; name = Base; path = Base.lproj/Main.storyboard; sourceTree = "<group>"; };
		6B6FC68E2A8BAA3500868330 /* Assets.xcassets */ = {isa = PBXFileReference; lastKnownFileType = folder.assetcatalog; path = Assets.xcassets; sourceTree = "<group>"; };
		6B6FC6912A8BAA3500868330 /* Base */ = {isa = PBXFileReference; lastKnownFileType = file.storyboard; name = Base; path = Base.lproj/LaunchScreen.storyboard; sourceTree = "<group>"; };
/* End PBXFileReference section */

/* Begin PBXFrameworksBuildPhase section */
		6B6FC67B2A8BAA3100868330 /* Frameworks */ = {
			isa = PBXFrameworksBuildPhase;
			buildActionMask = 2147483647;
			files = (
			);
			runOnlyForDeploymentPostprocessing = 0;
		};
/* End PBXFrameworksBuildPhase section */

/* Begin PBXGroup section */
		6B6FC6752A8BAA3100868330 = {
			isa = PBXGroup;
			children = (
				6B6FC6802A8BAA3100868330 /* Magical sorting */,
				6B6FC67F2A8BAA3100868330 /* Products */,
			);
			sourceTree = "<group>";
		};
		6B6FC67F2A8BAA3100868330 /* Products */ = {
			isa = PBXGroup;
			children = (
				6B6FC67E2A8BAA3100868330 /* Magical sorting.app */,
			);
			name = Products;
			sourceTree = "<group>";
		};
		6B6FC6802A8BAA3100868330 /* Magical sorting */ = {
			isa = PBXGroup;
			children = (
				6B1FAA832A94ECD500772ADE /* Magical-sorting-Info.plist */,
				6B6FC6812A8BAA3100868330 /* AppDelegate.swift */,
				6B6FC6832A8BAA3100868330 /* GameScene.sks */,
				6B6FC6852A8BAA3100868330 /* Actions.sks */,
				6B6FC6872A8BAA3100868330 /* GameScene.swift */,
				6B31818D2A90EDAA006B5227 /* points.swift */,
				6B31816F2A8F59CF006B5227 /* Objects.swift */,
				6B1FAA862A95003900772ADE /* Level.swift */,
				6B1FAA7F2A9246EA00772ADE /* TextureForObjects.swift */,
				6B6FC6892A8BAA3100868330 /* GameViewController.swift */,
				6B1966032A954CB400606CA4 /* ShopViewController.swift */,
				6B6FC68B2A8BAA3100868330 /* Main.storyboard */,
				6B1966012A9549B000606CA4 /* AboutViewController.swift */,
				6B1965FF2A95440400606CA4 /* MainViewController.swift */,
				6B6FC68E2A8BAA3500868330 /* Assets.xcassets */,
				6B6FC6902A8BAA3500868330 /* LaunchScreen.storyboard */,
				6B1FAA812A94EA6300772ADE /* ITC Bauhaus Heavy.ttf */,
			);
			path = "Magical sorting";
			sourceTree = "<group>";
		};
/* End PBXGroup section */

/* Begin PBXNativeTarget section */
		6B6FC67D2A8BAA3100868330 /* Magical sorting */ = {
			isa = PBXNativeTarget;
			buildConfigurationList = 6B6FC6952A8BAA3500868330 /* Build configuration list for PBXNativeTarget "Magical sorting" */;
			buildPhases = (
				6B6FC67A2A8BAA3100868330 /* Sources */,
				6B6FC67B2A8BAA3100868330 /* Frameworks */,
				6B6FC67C2A8BAA3100868330 /* Resources */,
			);
			buildRules = (
			);
			dependencies = (
			);
			name = "Magical sorting";
			productName = "Magical sorting";
			productReference = 6B6FC67E2A8BAA3100868330 /* Magical sorting.app */;
			productType = "com.apple.product-type.application";
		};
/* End PBXNativeTarget section */

/* Begin PBXProject section */
		6B6FC6762A8BAA3100868330 /* Project object */ = {
			isa = PBXProject;
			attributes = {
				BuildIndependentTargetsInParallel = 1;
				LastSwiftUpdateCheck = 1320;
				LastUpgradeCheck = 1320;
				TargetAttributes = {
					6B6FC67D2A8BAA3100868330 = {
						CreatedOnToolsVersion = 13.2.1;
					};
				};
			};
			buildConfigurationList = 6B6FC6792A8BAA3100868330 /* Build configuration list for PBXProject "Magical sorting" */;
			compatibilityVersion = "Xcode 13.0";
			developmentRegion = en;
			hasScannedForEncodings = 0;
			knownRegions = (
				en,
				Base,
			);
			mainGroup = 6B6FC6752A8BAA3100868330;
			productRefGroup = 6B6FC67F2A8BAA3100868330 /* Products */;
			projectDirPath = "";
			projectRoot = "";
			targets = (
				6B6FC67D2A8BAA3100868330 /* Magical sorting */,
			);
		};
/* End PBXProject section */

/* Begin PBXResourcesBuildPhase section */
		6B6FC67C2A8BAA3100868330 /* Resources */ = {
			isa = PBXResourcesBuildPhase;
			buildActionMask = 2147483647;
			files = (
				6B6FC68D2A8BAA3100868330 /* Main.storyboard in Resources */,
				6B6FC6842A8BAA3100868330 /* GameScene.sks in Resources */,
				6B6FC68F2A8BAA3500868330 /* Assets.xcassets in Resources */,
				6B1FAA822A94EA6300772ADE /* ITC Bauhaus Heavy.ttf in Resources */,
				6B6FC6922A8BAA3500868330 /* LaunchScreen.storyboard in Resources */,
				6B6FC6862A8BAA3100868330 /* Actions.sks in Resources */,
			);
			runOnlyForDeploymentPostprocessing = 0;
		};
/* End PBXResourcesBuildPhase section */

/* Begin PBXSourcesBuildPhase section */
		6B6FC67A2A8BAA3100868330 /* Sources */ = {
			isa = PBXSourcesBuildPhase;
			buildActionMask = 2147483647;
			files = (
				6B1FAA802A9246EA00772ADE /* TextureForObjects.swift in Sources */,
				6B1FAA872A95003900772ADE /* Level.swift in Sources */,
				6B1966042A954CB400606CA4 /* ShopViewController.swift in Sources */,
				6B6FC6882A8BAA3100868330 /* GameScene.swift in Sources */,
				6B1966022A9549B000606CA4 /* AboutViewController.swift in Sources */,
				6B6FC68A2A8BAA3100868330 /* GameViewController.swift in Sources */,
				6B3181702A8F59CF006B5227 /* Objects.swift in Sources */,
				6B6FC6822A8BAA3100868330 /* AppDelegate.swift in Sources */,
				6B31818E2A90EDAA006B5227 /* points.swift in Sources */,
				6B1966002A95440400606CA4 /* MainViewController.swift in Sources */,
			);
			runOnlyForDeploymentPostprocessing = 0;
		};
/* End PBXSourcesBuildPhase section */

/* Begin PBXVariantGroup section */
		6B6FC68B2A8BAA3100868330 /* Main.storyboard */ = {
			isa = PBXVariantGroup;
			children = (
				6B6FC68C2A8BAA3100868330 /* Base */,
			);
			name = Main.storyboard;
			sourceTree = "<group>";
		};
		6B6FC6902A8BAA3500868330 /* LaunchScreen.storyboard */ = {
			isa = PBXVariantGroup;
			children = (
				6B6FC6912A8BAA3500868330 /* Base */,
			);
			name = LaunchScreen.storyboard;
			sourceTree = "<group>";
		};
/* End PBXVariantGroup section */

/* Begin XCBuildConfiguration section */
		6B6FC6932A8BAA3500868330 /* Debug */ = {
			isa = XCBuildConfiguration;
			buildSettings = {
				ALWAYS_SEARCH_USER_PATHS = NO;
				CLANG_ANALYZER_NONNULL = YES;
				CLANG_ANALYZER_NUMBER_OBJECT_CONVERSION = YES_AGGRESSIVE;
				CLANG_CXX_LANGUAGE_STANDARD = "gnu++17";
				CLANG_CXX_LIBRARY = "libc++";
				CLANG_ENABLE_MODULES = YES;
				CLANG_ENABLE_OBJC_ARC = YES;
				CLANG_ENABLE_OBJC_WEAK = YES;
				CLANG_WARN_BLOCK_CAPTURE_AUTORELEASING = YES;
				CLANG_WARN_BOOL_CONVERSION = YES;
				CLANG_WARN_COMMA = YES;
				CLANG_WARN_CONSTANT_CONVERSION = YES;
				CLANG_WARN_DEPRECATED_OBJC_IMPLEMENTATIONS = YES;
				CLANG_WARN_DIRECT_OBJC_ISA_USAGE = YES_ERROR;
				CLANG_WARN_DOCUMENTATION_COMMENTS = YES;
				CLANG_WARN_EMPTY_BODY = YES;
				CLANG_WARN_ENUM_CONVERSION = YES;
				CLANG_WARN_INFINITE_RECURSION = YES;
				CLANG_WARN_INT_CONVERSION = YES;
				CLANG_WARN_NON_LITERAL_NULL_CONVERSION = YES;
				CLANG_WARN_OBJC_IMPLICIT_RETAIN_SELF = YES;
				CLANG_WARN_OBJC_LITERAL_CONVERSION = YES;
				CLANG_WARN_OBJC_ROOT_CLASS = YES_ERROR;
				CLANG_WARN_QUOTED_INCLUDE_IN_FRAMEWORK_HEADER = YES;
				CLANG_WARN_RANGE_LOOP_ANALYSIS = YES;
				CLANG_WARN_STRICT_PROTOTYPES = YES;
				CLANG_WARN_SUSPICIOUS_MOVE = YES;
				CLANG_WARN_UNGUARDED_AVAILABILITY = YES_AGGRESSIVE;
				CLANG_WARN_UNREACHABLE_CODE = YES;
				CLANG_WARN__DUPLICATE_METHOD_MATCH = YES;
				COPY_PHASE_STRIP = NO;
				DEBUG_INFORMATION_FORMAT = dwarf;
				ENABLE_STRICT_OBJC_MSGSEND = YES;
				ENABLE_TESTABILITY = YES;
				GCC_C_LANGUAGE_STANDARD = gnu11;
				GCC_DYNAMIC_NO_PIC = NO;
				GCC_NO_COMMON_BLOCKS = YES;
				GCC_OPTIMIZATION_LEVEL = 0;
				GCC_PREPROCESSOR_DEFINITIONS = (
					"DEBUG=1",
					"$(inherited)",
				);
				GCC_WARN_64_TO_32_BIT_CONVERSION = YES;
				GCC_WARN_ABOUT_RETURN_TYPE = YES_ERROR;
				GCC_WARN_UNDECLARED_SELECTOR = YES;
				GCC_WARN_UNINITIALIZED_AUTOS = YES_AGGRESSIVE;
				GCC_WARN_UNUSED_FUNCTION = YES;
				GCC_WARN_UNUSED_VARIABLE = YES;
				IPHONEOS_DEPLOYMENT_TARGET = 15.2;
				MTL_ENABLE_DEBUG_INFO = INCLUDE_SOURCE;
				MTL_FAST_MATH = YES;
				ONLY_ACTIVE_ARCH = YES;
				SDKROOT = iphoneos;
				SWIFT_ACTIVE_COMPILATION_CONDITIONS = DEBUG;
				SWIFT_OPTIMIZATION_LEVEL = "-Onone";
			};
			name = Debug;
		};
		6B6FC6942A8BAA3500868330 /* Release */ = {
			isa = XCBuildConfiguration;
			buildSettings = {
				ALWAYS_SEARCH_USER_PATHS = NO;
				CLANG_ANALYZER_NONNULL = YES;
				CLANG_ANALYZER_NUMBER_OBJECT_CONVERSION = YES_AGGRESSIVE;
				CLANG_CXX_LANGUAGE_STANDARD = "gnu++17";
				CLANG_CXX_LIBRARY = "libc++";
				CLANG_ENABLE_MODULES = YES;
				CLANG_ENABLE_OBJC_ARC = YES;
				CLANG_ENABLE_OBJC_WEAK = YES;
				CLANG_WARN_BLOCK_CAPTURE_AUTORELEASING = YES;
				CLANG_WARN_BOOL_CONVERSION = YES;
				CLANG_WARN_COMMA = YES;
				CLANG_WARN_CONSTANT_CONVERSION = YES;
				CLANG_WARN_DEPRECATED_OBJC_IMPLEMENTATIONS = YES;
				CLANG_WARN_DIRECT_OBJC_ISA_USAGE = YES_ERROR;
				CLANG_WARN_DOCUMENTATION_COMMENTS = YES;
				CLANG_WARN_EMPTY_BODY = YES;
				CLANG_WARN_ENUM_CONVERSION = YES;
				CLANG_WARN_INFINITE_RECURSION = YES;
				CLANG_WARN_INT_CONVERSION = YES;
				CLANG_WARN_NON_LITERAL_NULL_CONVERSION = YES;
				CLANG_WARN_OBJC_IMPLICIT_RETAIN_SELF = YES;
				CLANG_WARN_OBJC_LITERAL_CONVERSION = YES;
				CLANG_WARN_OBJC_ROOT_CLASS = YES_ERROR;
				CLANG_WARN_QUOTED_INCLUDE_IN_FRAMEWORK_HEADER = YES;
				CLANG_WARN_RANGE_LOOP_ANALYSIS = YES;
				CLANG_WARN_STRICT_PROTOTYPES = YES;
				CLANG_WARN_SUSPICIOUS_MOVE = YES;
				CLANG_WARN_UNGUARDED_AVAILABILITY = YES_AGGRESSIVE;
				CLANG_WARN_UNREACHABLE_CODE = YES;
				CLANG_WARN__DUPLICATE_METHOD_MATCH = YES;
				COPY_PHASE_STRIP = NO;
				DEBUG_INFORMATION_FORMAT = "dwarf-with-dsym";
				ENABLE_NS_ASSERTIONS = NO;
				ENABLE_STRICT_OBJC_MSGSEND = YES;
				GCC_C_LANGUAGE_STANDARD = gnu11;
				GCC_NO_COMMON_BLOCKS = YES;
				GCC_WARN_64_TO_32_BIT_CONVERSION = YES;
				GCC_WARN_ABOUT_RETURN_TYPE = YES_ERROR;
				GCC_WARN_UNDECLARED_SELECTOR = YES;
				GCC_WARN_UNINITIALIZED_AUTOS = YES_AGGRESSIVE;
				GCC_WARN_UNUSED_FUNCTION = YES;
				GCC_WARN_UNUSED_VARIABLE = YES;
				IPHONEOS_DEPLOYMENT_TARGET = 15.2;
				MTL_ENABLE_DEBUG_INFO = NO;
				MTL_FAST_MATH = YES;
				SDKROOT = iphoneos;
				SWIFT_COMPILATION_MODE = wholemodule;
				SWIFT_OPTIMIZATION_LEVEL = "-O";
				VALIDATE_PRODUCT = YES;
			};
			name = Release;
		};
		6B6FC6962A8BAA3500868330 /* Debug */ = {
			isa = XCBuildConfiguration;
			buildSettings = {
				ASSETCATALOG_COMPILER_APPICON_NAME = AppIcon;
				ASSETCATALOG_COMPILER_GLOBAL_ACCENT_COLOR_NAME = AccentColor;
				CODE_SIGN_STYLE = Automatic;
				CURRENT_PROJECT_VERSION = 1;
				DEVELOPMENT_TEAM = JMRR2M76BP;
				GENERATE_INFOPLIST_FILE = YES;
				INFOPLIST_FILE = "Magical-sorting-Info.plist";
				INFOPLIST_KEY_UIApplicationSupportsIndirectInputEvents = YES;
				INFOPLIST_KEY_UILaunchStoryboardName = LaunchScreen;
				INFOPLIST_KEY_UIMainStoryboardFile = Main;
				INFOPLIST_KEY_UIStatusBarHidden = YES;
				INFOPLIST_KEY_UISupportedInterfaceOrientations = UIInterfaceOrientationPortrait;
				INFOPLIST_KEY_UISupportedInterfaceOrientations_iPad = "UIInterfaceOrientationPortrait UIInterfaceOrientationPortraitUpsideDown UIInterfaceOrientationLandscapeLeft UIInterfaceOrientationLandscapeRight";
				INFOPLIST_KEY_UISupportedInterfaceOrientations_iPhone = "UIInterfaceOrientationPortrait UIInterfaceOrientationLandscapeLeft UIInterfaceOrientationLandscapeRight";
				LD_RUNPATH_SEARCH_PATHS = (
					"$(inherited)",
					"@executable_path/Frameworks",
				);
				MARKETING_VERSION = 1.0;
				PRODUCT_BUNDLE_IDENTIFIER = "UmniashaStudio.Magical-sorting";
				PRODUCT_NAME = "$(TARGET_NAME)";
				SWIFT_EMIT_LOC_STRINGS = YES;
				SWIFT_VERSION = 5.0;
				TARGETED_DEVICE_FAMILY = "1,2";
			};
			name = Debug;
		};
		6B6FC6972A8BAA3500868330 /* Release */ = {
			isa = XCBuildConfiguration;
			buildSettings = {
				ASSETCATALOG_COMPILER_APPICON_NAME = AppIcon;
				ASSETCATALOG_COMPILER_GLOBAL_ACCENT_COLOR_NAME = AccentColor;
				CODE_SIGN_STYLE = Automatic;
				CURRENT_PROJECT_VERSION = 1;
				DEVELOPMENT_TEAM = JMRR2M76BP;
				GENERATE_INFOPLIST_FILE = YES;
				INFOPLIST_FILE = "Magical-sorting-Info.plist";
				INFOPLIST_KEY_UIApplicationSupportsIndirectInputEvents = YES;
				INFOPLIST_KEY_UILaunchStoryboardName = LaunchScreen;
				INFOPLIST_KEY_UIMainStoryboardFile = Main;
				INFOPLIST_KEY_UIStatusBarHidden = YES;
				INFOPLIST_KEY_UISupportedInterfaceOrientations = UIInterfaceOrientationPortrait;
				INFOPLIST_KEY_UISupportedInterfaceOrientations_iPad = "UIInterfaceOrientationPortrait UIInterfaceOrientationPortraitUpsideDown UIInterfaceOrientationLandscapeLeft UIInterfaceOrientationLandscapeRight";
				INFOPLIST_KEY_UISupportedInterfaceOrientations_iPhone = "UIInterfaceOrientationPortrait UIInterfaceOrientationLandscapeLeft UIInterfaceOrientationLandscapeRight";
				LD_RUNPATH_SEARCH_PATHS = (
					"$(inherited)",
					"@executable_path/Frameworks",
				);
				MARKETING_VERSION = 1.0;
				PRODUCT_BUNDLE_IDENTIFIER = "UmniashaStudio.Magical-sorting";
				PRODUCT_NAME = "$(TARGET_NAME)";
				SWIFT_EMIT_LOC_STRINGS = YES;
				SWIFT_VERSION = 5.0;
				TARGETED_DEVICE_FAMILY = "1,2";
			};
			name = Release;
		};
/* End XCBuildConfiguration section */

/* Begin XCConfigurationList section */
		6B6FC6792A8BAA3100868330 /* Build configuration list for PBXProject "Magical sorting" */ = {
			isa = XCConfigurationList;
			buildConfigurations = (
				6B6FC6932A8BAA3500868330 /* Debug */,
				6B6FC6942A8BAA3500868330 /* Release */,
			);
			defaultConfigurationIsVisible = 0;
			defaultConfigurationName = Release;
		};
		6B6FC6952A8BAA3500868330 /* Build configuration list for PBXNativeTarget "Magical sorting" */ = {
			isa = XCConfigurationList;
			buildConfigurations = (
				6B6FC6962A8BAA3500868330 /* Debug */,
				6B6FC6972A8BAA3500868330 /* Release */,
			);
			defaultConfigurationIsVisible = 0;
			defaultConfigurationName = Release;
		};
/* End XCConfigurationList section */
	};
	rootObject = 6B6FC6762A8BAA3100868330 /* Project object */;
}
